// !$*UTF8*$!
{
	archiveVersion = 1;
	classes = {
	};
	objectVersion = 55;
	objects = {

/* Begin PBXBuildFile section */
		2C1DDABD27A08574000B82C6 /* AppDelegate.swift in Sources */ = {isa = PBXBuildFile; fileRef = 2C1DDABC27A08574000B82C6 /* AppDelegate.swift */; };
		2C1DDAC627A08579000B82C6 /* Assets.xcassets in Resources */ = {isa = PBXBuildFile; fileRef = 2C1DDAC527A08579000B82C6 /* Assets.xcassets */; };
		2C1DDAC927A08579000B82C6 /* LaunchScreen.storyboard in Resources */ = {isa = PBXBuildFile; fileRef = 2C1DDAC727A08579000B82C6 /* LaunchScreen.storyboard */; };
		2C5FBB3F280AD37900F81155 /* UserRegister.swift in Sources */ = {isa = PBXBuildFile; fileRef = 2C5FBB3E280AD37900F81155 /* UserRegister.swift */; };
		2C5FBB42280ADEAA00F81155 /* AppState.swift in Sources */ = {isa = PBXBuildFile; fileRef = 2C5FBB41280ADEAA00F81155 /* AppState.swift */; };
		2C5FBB45280AF81000F81155 /* EnterCodeViewController.swift in Sources */ = {isa = PBXBuildFile; fileRef = 2C5FBB44280AF81000F81155 /* EnterCodeViewController.swift */; };
		2C5FBB47280AFE4B00F81155 /* UserConfirm.swift in Sources */ = {isa = PBXBuildFile; fileRef = 2C5FBB46280AFE4B00F81155 /* UserConfirm.swift */; };
		2C5FBB49280AFFEB00F81155 /* AgainConfirmCode.swift in Sources */ = {isa = PBXBuildFile; fileRef = 2C5FBB48280AFFEB00F81155 /* AgainConfirmCode.swift */; };
		2C60ACFE28019EAE00C5A1A0 /* FullImageViewController.swift in Sources */ = {isa = PBXBuildFile; fileRef = 2C60ACFD28019EAE00C5A1A0 /* FullImageViewController.swift */; };
		2C60AD012801A28700C5A1A0 /* ImageTransition.swift in Sources */ = {isa = PBXBuildFile; fileRef = 2C60AD002801A28700C5A1A0 /* ImageTransition.swift */; };
		2C60AD032801CCFD00C5A1A0 /* ImageScrollView.swift in Sources */ = {isa = PBXBuildFile; fileRef = 2C60AD022801CCFD00C5A1A0 /* ImageScrollView.swift */; };
		2C60AD052801F71000C5A1A0 /* String+Extension.swift in Sources */ = {isa = PBXBuildFile; fileRef = 2C60AD042801F71000C5A1A0 /* String+Extension.swift */; };
		2C60AD072802093B00C5A1A0 /* ConditionModel.swift in Sources */ = {isa = PBXBuildFile; fileRef = 2C60AD062802093B00C5A1A0 /* ConditionModel.swift */; };
		2C60AD0A2802399600C5A1A0 /* ConditionViewController.swift in Sources */ = {isa = PBXBuildFile; fileRef = 2C60AD092802399600C5A1A0 /* ConditionViewController.swift */; };
		2C60AD0D28023A6700C5A1A0 /* ConditionTableViewCell.swift in Sources */ = {isa = PBXBuildFile; fileRef = 2C60AD0C28023A6700C5A1A0 /* ConditionTableViewCell.swift */; };
		2C60AD0F28023CFB00C5A1A0 /* ConditionHeaderView.swift in Sources */ = {isa = PBXBuildFile; fileRef = 2C60AD0E28023CFB00C5A1A0 /* ConditionHeaderView.swift */; };
		2C6295B727A465E3003521D9 /* UIColor+Extension.swift in Sources */ = {isa = PBXBuildFile; fileRef = 2C6295B627A465E3003521D9 /* UIColor+Extension.swift */; };
		2C6295BA27A48AB7003521D9 /* MainTabBarViewController.swift in Sources */ = {isa = PBXBuildFile; fileRef = 2C6295B927A48AB7003521D9 /* MainTabBarViewController.swift */; };
		2C6295BF27A499B8003521D9 /* LegalCollectionViewCell.swift in Sources */ = {isa = PBXBuildFile; fileRef = 2C6295BE27A499B8003521D9 /* LegalCollectionViewCell.swift */; };
		2C6295C127A49C54003521D9 /* UICollectionViewCell+Extension.swift in Sources */ = {isa = PBXBuildFile; fileRef = 2C6295C027A49C54003521D9 /* UICollectionViewCell+Extension.swift */; };
		2C6295C327ABBADC003521D9 /* CategoryPrice.swift in Sources */ = {isa = PBXBuildFile; fileRef = 2C6295C227ABBADC003521D9 /* CategoryPrice.swift */; };
		2C631E4C27A33213003753E1 /* BaseCollectionViewController.swift in Sources */ = {isa = PBXBuildFile; fileRef = 2C631E4B27A33213003753E1 /* BaseCollectionViewController.swift */; };
		2C631E4F27A333C3003753E1 /* BaseCollectionViewCell.swift in Sources */ = {isa = PBXBuildFile; fileRef = 2C631E4E27A333C3003753E1 /* BaseCollectionViewCell.swift */; };
		2C631E5227A33419003753E1 /* UICollectionView_UITableView+Extension.swift in Sources */ = {isa = PBXBuildFile; fileRef = 2C631E5127A33419003753E1 /* UICollectionView_UITableView+Extension.swift */; };
		2C631E5427A337EE003753E1 /* UIView+Extension.swift in Sources */ = {isa = PBXBuildFile; fileRef = 2C631E5327A337EE003753E1 /* UIView+Extension.swift */; };
		2C631E5727A33990003753E1 /* CarModel.swift in Sources */ = {isa = PBXBuildFile; fileRef = 2C631E5627A33990003753E1 /* CarModel.swift */; };
		2C6E4DCD27B91F1E00FBE7E8 /* PopoverTableViewController.swift in Sources */ = {isa = PBXBuildFile; fileRef = 2C6E4DCC27B91F1E00FBE7E8 /* PopoverTableViewController.swift */; };
		2C6E4DD027B9349500FBE7E8 /* ScreenSize.swift in Sources */ = {isa = PBXBuildFile; fileRef = 2C6E4DCF27B9349500FBE7E8 /* ScreenSize.swift */; };
		2C6E4DD327B9377E00FBE7E8 /* CalendarViewController.swift in Sources */ = {isa = PBXBuildFile; fileRef = 2C6E4DD227B9377E00FBE7E8 /* CalendarViewController.swift */; };
		2C7B4D2928031901000EE39D /* RegisterViewController.swift in Sources */ = {isa = PBXBuildFile; fileRef = 2C7B4D2828031901000EE39D /* RegisterViewController.swift */; };
		2C7B4D2C28032ED9000EE39D /* ProfileViewController.swift in Sources */ = {isa = PBXBuildFile; fileRef = 2C7B4D2B28032ED9000EE39D /* ProfileViewController.swift */; };
		2C8C980D27FA2A83003D9D68 /* OrderModel.swift in Sources */ = {isa = PBXBuildFile; fileRef = 2C8C980C27FA2A83003D9D68 /* OrderModel.swift */; };
		2C8C981427FB695F003D9D68 /* ToastView.swift in Sources */ = {isa = PBXBuildFile; fileRef = 2C8C981327FB695F003D9D68 /* ToastView.swift */; };
		2C8C981627FB6DCE003D9D68 /* ToastViewShowable.swift in Sources */ = {isa = PBXBuildFile; fileRef = 2C8C981527FB6DCE003D9D68 /* ToastViewShowable.swift */; };
		2C8C981827FB7DF4003D9D68 /* PromoModel.swift in Sources */ = {isa = PBXBuildFile; fileRef = 2C8C981727FB7DF4003D9D68 /* PromoModel.swift */; };
		2C925C7A2802F1630060C810 /* LoginViewController.swift in Sources */ = {isa = PBXBuildFile; fileRef = 2C925C792802F1630060C810 /* LoginViewController.swift */; };
		2C9DF7DF27D9F45A00C176AC /* NetworkManager.swift in Sources */ = {isa = PBXBuildFile; fileRef = 2C9DF7DE27D9F45A00C176AC /* NetworkManager.swift */; };
		2C9DF80227DB5B9600C176AC /* ContactsViewController.swift in Sources */ = {isa = PBXBuildFile; fileRef = 2C9DF80127DB5B9600C176AC /* ContactsViewController.swift */; };
		2C9DF80427DB95C600C176AC /* RequestManager.swift in Sources */ = {isa = PBXBuildFile; fileRef = 2C9DF80327DB95C600C176AC /* RequestManager.swift */; };
		2C9DF80627DB98B300C176AC /* RentalManager.swift in Sources */ = {isa = PBXBuildFile; fileRef = 2C9DF80527DB98B300C176AC /* RentalManager.swift */; };
		2C9DF85227DCD5F000C176AC /* CallUsTableViewCell.swift in Sources */ = {isa = PBXBuildFile; fileRef = 2C9DF85127DCD5F000C176AC /* CallUsTableViewCell.swift */; };
		2CC9AF8027C188D40082D81C /* TextField.swift in Sources */ = {isa = PBXBuildFile; fileRef = 2CC9AF7F27C188D40082D81C /* TextField.swift */; };
		2CC9AF8427C2BE690082D81C /* UIViewController+Extension.swift in Sources */ = {isa = PBXBuildFile; fileRef = 2CC9AF8327C2BE690082D81C /* UIViewController+Extension.swift */; };
		2CC9AF8927C2C9E20082D81C /* StockCollectionViewCell.swift in Sources */ = {isa = PBXBuildFile; fileRef = 2CC9AF8827C2C9E20082D81C /* StockCollectionViewCell.swift */; };
		2CF197E427AE768800E82C6C /* DetailCarViewController.swift in Sources */ = {isa = PBXBuildFile; fileRef = 2CF197E327AE768800E82C6C /* DetailCarViewController.swift */; };
		2CF197E927AE88E800E82C6C /* ImageCollectionViewCell.swift in Sources */ = {isa = PBXBuildFile; fileRef = 2CF197E827AE88E800E82C6C /* ImageCollectionViewCell.swift */; };
		2CF197EC27B4180800E82C6C /* ImageAndButtonTableViewCell.swift in Sources */ = {isa = PBXBuildFile; fileRef = 2CF197EB27B4180800E82C6C /* ImageAndButtonTableViewCell.swift */; };
		2CF197EF27B41A4800E82C6C /* DescriptionTableViewCell.swift in Sources */ = {isa = PBXBuildFile; fileRef = 2CF197EE27B41A4800E82C6C /* DescriptionTableViewCell.swift */; };
		2CF197F127B5072600E82C6C /* NSMutableAttributedString+Extension.swift in Sources */ = {isa = PBXBuildFile; fileRef = 2CF197F027B5072600E82C6C /* NSMutableAttributedString+Extension.swift */; };
		2CF197F427B5190100E82C6C /* OrderUnauthorizedViewController.swift in Sources */ = {isa = PBXBuildFile; fileRef = 2CF197F327B5190100E82C6C /* OrderUnauthorizedViewController.swift */; };
		A1B504237C3861AE647A5F96 /* Pods_RentalCar.framework in Frameworks */ = {isa = PBXBuildFile; fileRef = E948B7270624368EE75A7045 /* Pods_RentalCar.framework */; };
/* End PBXBuildFile section */

/* Begin PBXFileReference section */
		2C1DDAB927A08574000B82C6 /* RentalCar.app */ = {isa = PBXFileReference; explicitFileType = wrapper.application; includeInIndex = 0; path = RentalCar.app; sourceTree = BUILT_PRODUCTS_DIR; };
		2C1DDABC27A08574000B82C6 /* AppDelegate.swift */ = {isa = PBXFileReference; lastKnownFileType = sourcecode.swift; path = AppDelegate.swift; sourceTree = "<group>"; };
		2C1DDAC527A08579000B82C6 /* Assets.xcassets */ = {isa = PBXFileReference; lastKnownFileType = folder.assetcatalog; path = Assets.xcassets; sourceTree = "<group>"; };
		2C1DDAC827A08579000B82C6 /* Base */ = {isa = PBXFileReference; lastKnownFileType = file.storyboard; name = Base; path = Base.lproj/LaunchScreen.storyboard; sourceTree = "<group>"; };
		2C1DDACA27A08579000B82C6 /* Info.plist */ = {isa = PBXFileReference; lastKnownFileType = text.plist.xml; path = Info.plist; sourceTree = "<group>"; };
		2C5FBB3E280AD37900F81155 /* UserRegister.swift */ = {isa = PBXFileReference; lastKnownFileType = sourcecode.swift; path = UserRegister.swift; sourceTree = "<group>"; };
		2C5FBB41280ADEAA00F81155 /* AppState.swift */ = {isa = PBXFileReference; lastKnownFileType = sourcecode.swift; path = AppState.swift; sourceTree = "<group>"; };
		2C5FBB44280AF81000F81155 /* EnterCodeViewController.swift */ = {isa = PBXFileReference; lastKnownFileType = sourcecode.swift; path = EnterCodeViewController.swift; sourceTree = "<group>"; };
		2C5FBB46280AFE4B00F81155 /* UserConfirm.swift */ = {isa = PBXFileReference; lastKnownFileType = sourcecode.swift; path = UserConfirm.swift; sourceTree = "<group>"; };
		2C5FBB48280AFFEB00F81155 /* AgainConfirmCode.swift */ = {isa = PBXFileReference; lastKnownFileType = sourcecode.swift; path = AgainConfirmCode.swift; sourceTree = "<group>"; };
		2C60ACFD28019EAE00C5A1A0 /* FullImageViewController.swift */ = {isa = PBXFileReference; lastKnownFileType = sourcecode.swift; path = FullImageViewController.swift; sourceTree = "<group>"; };
		2C60AD002801A28700C5A1A0 /* ImageTransition.swift */ = {isa = PBXFileReference; lastKnownFileType = sourcecode.swift; path = ImageTransition.swift; sourceTree = "<group>"; };
		2C60AD022801CCFD00C5A1A0 /* ImageScrollView.swift */ = {isa = PBXFileReference; lastKnownFileType = sourcecode.swift; path = ImageScrollView.swift; sourceTree = "<group>"; };
		2C60AD042801F71000C5A1A0 /* String+Extension.swift */ = {isa = PBXFileReference; lastKnownFileType = sourcecode.swift; path = "String+Extension.swift"; sourceTree = "<group>"; };
		2C60AD062802093B00C5A1A0 /* ConditionModel.swift */ = {isa = PBXFileReference; lastKnownFileType = sourcecode.swift; path = ConditionModel.swift; sourceTree = "<group>"; };
		2C60AD092802399600C5A1A0 /* ConditionViewController.swift */ = {isa = PBXFileReference; lastKnownFileType = sourcecode.swift; path = ConditionViewController.swift; sourceTree = "<group>"; };
		2C60AD0C28023A6700C5A1A0 /* ConditionTableViewCell.swift */ = {isa = PBXFileReference; lastKnownFileType = sourcecode.swift; path = ConditionTableViewCell.swift; sourceTree = "<group>"; };
		2C60AD0E28023CFB00C5A1A0 /* ConditionHeaderView.swift */ = {isa = PBXFileReference; lastKnownFileType = sourcecode.swift; path = ConditionHeaderView.swift; sourceTree = "<group>"; };
		2C6295B627A465E3003521D9 /* UIColor+Extension.swift */ = {isa = PBXFileReference; lastKnownFileType = sourcecode.swift; path = "UIColor+Extension.swift"; sourceTree = "<group>"; };
		2C6295B927A48AB7003521D9 /* MainTabBarViewController.swift */ = {isa = PBXFileReference; lastKnownFileType = sourcecode.swift; path = MainTabBarViewController.swift; sourceTree = "<group>"; };
		2C6295BE27A499B8003521D9 /* LegalCollectionViewCell.swift */ = {isa = PBXFileReference; lastKnownFileType = sourcecode.swift; path = LegalCollectionViewCell.swift; sourceTree = "<group>"; };
		2C6295C027A49C54003521D9 /* UICollectionViewCell+Extension.swift */ = {isa = PBXFileReference; lastKnownFileType = sourcecode.swift; path = "UICollectionViewCell+Extension.swift"; sourceTree = "<group>"; };
		2C6295C227ABBADC003521D9 /* CategoryPrice.swift */ = {isa = PBXFileReference; lastKnownFileType = sourcecode.swift; path = CategoryPrice.swift; sourceTree = "<group>"; };
		2C631E4B27A33213003753E1 /* BaseCollectionViewController.swift */ = {isa = PBXFileReference; lastKnownFileType = sourcecode.swift; path = BaseCollectionViewController.swift; sourceTree = "<group>"; };
		2C631E4E27A333C3003753E1 /* BaseCollectionViewCell.swift */ = {isa = PBXFileReference; lastKnownFileType = sourcecode.swift; path = BaseCollectionViewCell.swift; sourceTree = "<group>"; };
		2C631E5127A33419003753E1 /* UICollectionView_UITableView+Extension.swift */ = {isa = PBXFileReference; lastKnownFileType = sourcecode.swift; path = "UICollectionView_UITableView+Extension.swift"; sourceTree = "<group>"; };
		2C631E5327A337EE003753E1 /* UIView+Extension.swift */ = {isa = PBXFileReference; lastKnownFileType = sourcecode.swift; path = "UIView+Extension.swift"; sourceTree = "<group>"; };
		2C631E5627A33990003753E1 /* CarModel.swift */ = {isa = PBXFileReference; lastKnownFileType = sourcecode.swift; path = CarModel.swift; sourceTree = "<group>"; };
		2C6E4DCC27B91F1E00FBE7E8 /* PopoverTableViewController.swift */ = {isa = PBXFileReference; lastKnownFileType = sourcecode.swift; path = PopoverTableViewController.swift; sourceTree = "<group>"; };
		2C6E4DCF27B9349500FBE7E8 /* ScreenSize.swift */ = {isa = PBXFileReference; lastKnownFileType = sourcecode.swift; path = ScreenSize.swift; sourceTree = "<group>"; };
		2C6E4DD227B9377E00FBE7E8 /* CalendarViewController.swift */ = {isa = PBXFileReference; lastKnownFileType = sourcecode.swift; path = CalendarViewController.swift; sourceTree = "<group>"; };
		2C7B4D2828031901000EE39D /* RegisterViewController.swift */ = {isa = PBXFileReference; lastKnownFileType = sourcecode.swift; path = RegisterViewController.swift; sourceTree = "<group>"; };
		2C7B4D2B28032ED9000EE39D /* ProfileViewController.swift */ = {isa = PBXFileReference; lastKnownFileType = sourcecode.swift; path = ProfileViewController.swift; sourceTree = "<group>"; };
		2C8C980C27FA2A83003D9D68 /* OrderModel.swift */ = {isa = PBXFileReference; lastKnownFileType = sourcecode.swift; path = OrderModel.swift; sourceTree = "<group>"; };
		2C8C981327FB695F003D9D68 /* ToastView.swift */ = {isa = PBXFileReference; lastKnownFileType = sourcecode.swift; path = ToastView.swift; sourceTree = "<group>"; };
		2C8C981527FB6DCE003D9D68 /* ToastViewShowable.swift */ = {isa = PBXFileReference; lastKnownFileType = sourcecode.swift; path = ToastViewShowable.swift; sourceTree = "<group>"; };
		2C8C981727FB7DF4003D9D68 /* PromoModel.swift */ = {isa = PBXFileReference; lastKnownFileType = sourcecode.swift; path = PromoModel.swift; sourceTree = "<group>"; };
		2C925C792802F1630060C810 /* LoginViewController.swift */ = {isa = PBXFileReference; lastKnownFileType = sourcecode.swift; path = LoginViewController.swift; sourceTree = "<group>"; };
		2C9DF7DE27D9F45A00C176AC /* NetworkManager.swift */ = {isa = PBXFileReference; lastKnownFileType = sourcecode.swift; path = NetworkManager.swift; sourceTree = "<group>"; };
		2C9DF80127DB5B9600C176AC /* ContactsViewController.swift */ = {isa = PBXFileReference; lastKnownFileType = sourcecode.swift; path = ContactsViewController.swift; sourceTree = "<group>"; };
		2C9DF80327DB95C600C176AC /* RequestManager.swift */ = {isa = PBXFileReference; lastKnownFileType = sourcecode.swift; path = RequestManager.swift; sourceTree = "<group>"; };
		2C9DF80527DB98B300C176AC /* RentalManager.swift */ = {isa = PBXFileReference; lastKnownFileType = sourcecode.swift; path = RentalManager.swift; sourceTree = "<group>"; };
		2C9DF85127DCD5F000C176AC /* CallUsTableViewCell.swift */ = {isa = PBXFileReference; lastKnownFileType = sourcecode.swift; path = CallUsTableViewCell.swift; sourceTree = "<group>"; };
		2CC9AF7F27C188D40082D81C /* TextField.swift */ = {isa = PBXFileReference; lastKnownFileType = sourcecode.swift; name = TextField.swift; path = ../../../Documents/TextField.swift; sourceTree = "<group>"; };
		2CC9AF8327C2BE690082D81C /* UIViewController+Extension.swift */ = {isa = PBXFileReference; lastKnownFileType = sourcecode.swift; path = "UIViewController+Extension.swift"; sourceTree = "<group>"; };
		2CC9AF8827C2C9E20082D81C /* StockCollectionViewCell.swift */ = {isa = PBXFileReference; lastKnownFileType = sourcecode.swift; path = StockCollectionViewCell.swift; sourceTree = "<group>"; };
		2CF197E327AE768800E82C6C /* DetailCarViewController.swift */ = {isa = PBXFileReference; lastKnownFileType = sourcecode.swift; path = DetailCarViewController.swift; sourceTree = "<group>"; };
		2CF197E827AE88E800E82C6C /* ImageCollectionViewCell.swift */ = {isa = PBXFileReference; lastKnownFileType = sourcecode.swift; path = ImageCollectionViewCell.swift; sourceTree = "<group>"; };
		2CF197EB27B4180800E82C6C /* ImageAndButtonTableViewCell.swift */ = {isa = PBXFileReference; lastKnownFileType = sourcecode.swift; path = ImageAndButtonTableViewCell.swift; sourceTree = "<group>"; };
		2CF197EE27B41A4800E82C6C /* DescriptionTableViewCell.swift */ = {isa = PBXFileReference; lastKnownFileType = sourcecode.swift; path = DescriptionTableViewCell.swift; sourceTree = "<group>"; };
		2CF197F027B5072600E82C6C /* NSMutableAttributedString+Extension.swift */ = {isa = PBXFileReference; lastKnownFileType = sourcecode.swift; path = "NSMutableAttributedString+Extension.swift"; sourceTree = "<group>"; };
		2CF197F327B5190100E82C6C /* OrderUnauthorizedViewController.swift */ = {isa = PBXFileReference; lastKnownFileType = sourcecode.swift; path = OrderUnauthorizedViewController.swift; sourceTree = "<group>"; };
		4D1A142E6687753FDD74D20B /* Pods-RentalCar.release.xcconfig */ = {isa = PBXFileReference; includeInIndex = 1; lastKnownFileType = text.xcconfig; name = "Pods-RentalCar.release.xcconfig"; path = "Target Support Files/Pods-RentalCar/Pods-RentalCar.release.xcconfig"; sourceTree = "<group>"; };
		E948B7270624368EE75A7045 /* Pods_RentalCar.framework */ = {isa = PBXFileReference; explicitFileType = wrapper.framework; includeInIndex = 0; path = Pods_RentalCar.framework; sourceTree = BUILT_PRODUCTS_DIR; };
		FEBD8E7AD4FB8D4CD8BC5B1B /* Pods-RentalCar.debug.xcconfig */ = {isa = PBXFileReference; includeInIndex = 1; lastKnownFileType = text.xcconfig; name = "Pods-RentalCar.debug.xcconfig"; path = "Target Support Files/Pods-RentalCar/Pods-RentalCar.debug.xcconfig"; sourceTree = "<group>"; };
/* End PBXFileReference section */

/* Begin PBXFrameworksBuildPhase section */
		2C1DDAB627A08574000B82C6 /* Frameworks */ = {
			isa = PBXFrameworksBuildPhase;
			buildActionMask = 2147483647;
			files = (
				A1B504237C3861AE647A5F96 /* Pods_RentalCar.framework in Frameworks */,
			);
			runOnlyForDeploymentPostprocessing = 0;
		};
/* End PBXFrameworksBuildPhase section */

/* Begin PBXGroup section */
		23A834DFE9C05F898F12E2B5 /* Frameworks */ = {
			isa = PBXGroup;
			children = (
				E948B7270624368EE75A7045 /* Pods_RentalCar.framework */,
			);
			name = Frameworks;
			sourceTree = "<group>";
		};
		2C1DDAB027A08574000B82C6 = {
			isa = PBXGroup;
			children = (
				2C925C772802F1170060C810 /* Authorization */,
				2C6295B827A48A73003521D9 /* TabBarController */,
				2C631E4927A33190003753E1 /* CommonCollectionView */,
				2CF197E227AE766D00E82C6C /* DetailCar */,
				2C60AD082802396000C5A1A0 /* ConditionViewController */,
				2C9DF80027DB5B7A00C176AC /* Contacts */,
				2CF197F227B5183D00E82C6C /* OrderUnauthorized */,
				2C8C981227FB6891003D9D68 /* ToastToast */,
				2C5FBB40280ADE9800F81155 /* AppState */,
				2C631E5527A33983003753E1 /* Models */,
				2C6E4DCE27B9347700FBE7E8 /* ScreenSize */,
				2C60ACFF2801A25F00C5A1A0 /* ImageTransition */,
				2C9DF7DD27D9F42C00C176AC /* Networking */,
				2CC9AF7E27C1889C0082D81C /* CustomViews */,
				2C631E5027A3340D003753E1 /* Extensions */,
				2C1DDABB27A08574000B82C6 /* RentalCar */,
				2C1DDABA27A08574000B82C6 /* Products */,
				7664E417E84423DC46E93E2F /* Pods */,
				23A834DFE9C05F898F12E2B5 /* Frameworks */,
			);
			sourceTree = "<group>";
		};
		2C1DDABA27A08574000B82C6 /* Products */ = {
			isa = PBXGroup;
			children = (
				2C1DDAB927A08574000B82C6 /* RentalCar.app */,
			);
			name = Products;
			sourceTree = "<group>";
		};
		2C1DDABB27A08574000B82C6 /* RentalCar */ = {
			isa = PBXGroup;
			children = (
				2C1DDABC27A08574000B82C6 /* AppDelegate.swift */,
				2C1DDAC527A08579000B82C6 /* Assets.xcassets */,
				2C1DDAC727A08579000B82C6 /* LaunchScreen.storyboard */,
				2C1DDACA27A08579000B82C6 /* Info.plist */,
			);
			path = RentalCar;
			sourceTree = "<group>";
		};
		2C20B13327BABCEA0050F72C /* DescriptionCell */ = {
			isa = PBXGroup;
			children = (
				2CF197EE27B41A4800E82C6C /* DescriptionTableViewCell.swift */,
			);
			path = DescriptionCell;
			sourceTree = "<group>";
		};
		2C5FBB40280ADE9800F81155 /* AppState */ = {
			isa = PBXGroup;
			children = (
				2C5FBB41280ADEAA00F81155 /* AppState.swift */,
			);
			path = AppState;
			sourceTree = "<group>";
		};
		2C5FBB43280AF7E000F81155 /* EnterCodeViewController */ = {
			isa = PBXGroup;
			children = (
				2C5FBB44280AF81000F81155 /* EnterCodeViewController.swift */,
			);
			path = EnterCodeViewController;
			sourceTree = "<group>";
		};
		2C60ACFC28019E8400C5A1A0 /* FullImageViewController */ = {
			isa = PBXGroup;
			children = (
				2C60ACFD28019EAE00C5A1A0 /* FullImageViewController.swift */,
				2C60AD022801CCFD00C5A1A0 /* ImageScrollView.swift */,
			);
			path = FullImageViewController;
			sourceTree = "<group>";
		};
		2C60ACFF2801A25F00C5A1A0 /* ImageTransition */ = {
			isa = PBXGroup;
			children = (
				2C60AD002801A28700C5A1A0 /* ImageTransition.swift */,
			);
			path = ImageTransition;
			sourceTree = "<group>";
		};
		2C60AD082802396000C5A1A0 /* ConditionViewController */ = {
			isa = PBXGroup;
			children = (
				2C60AD092802399600C5A1A0 /* ConditionViewController.swift */,
				2C60AD0B28023A2E00C5A1A0 /* ConditionCell */,
			);
			path = ConditionViewController;
			sourceTree = "<group>";
		};
		2C60AD0B28023A2E00C5A1A0 /* ConditionCell */ = {
			isa = PBXGroup;
			children = (
				2C60AD0C28023A6700C5A1A0 /* ConditionTableViewCell.swift */,
				2C60AD0E28023CFB00C5A1A0 /* ConditionHeaderView.swift */,
			);
			path = ConditionCell;
			sourceTree = "<group>";
		};
		2C6295B827A48A73003521D9 /* TabBarController */ = {
			isa = PBXGroup;
			children = (
				2C6295B927A48AB7003521D9 /* MainTabBarViewController.swift */,
			);
			path = TabBarController;
			sourceTree = "<group>";
		};
		2C6295BD27A4999F003521D9 /* LegalCollectionViewCell */ = {
			isa = PBXGroup;
			children = (
				2C6295BE27A499B8003521D9 /* LegalCollectionViewCell.swift */,
			);
			path = LegalCollectionViewCell;
			sourceTree = "<group>";
		};
		2C631E4927A33190003753E1 /* CommonCollectionView */ = {
			isa = PBXGroup;
			children = (
				2C631E4A27A3319A003753E1 /* BaseCollectionView */,
			);
			path = CommonCollectionView;
			sourceTree = "<group>";
		};
		2C631E4A27A3319A003753E1 /* BaseCollectionView */ = {
			isa = PBXGroup;
			children = (
				2C631E4B27A33213003753E1 /* BaseCollectionViewController.swift */,
				2CC9AF8727C2C9BC0082D81C /* StockCollectionViewCell */,
				2C631E4D27A333A3003753E1 /* BaseCollectionViewCell */,
				2C6295BD27A4999F003521D9 /* LegalCollectionViewCell */,
			);
			path = BaseCollectionView;
			sourceTree = "<group>";
		};
		2C631E4D27A333A3003753E1 /* BaseCollectionViewCell */ = {
			isa = PBXGroup;
			children = (
				2C631E4E27A333C3003753E1 /* BaseCollectionViewCell.swift */,
			);
			path = BaseCollectionViewCell;
			sourceTree = "<group>";
		};
		2C631E5027A3340D003753E1 /* Extensions */ = {
			isa = PBXGroup;
			children = (
				2C631E5127A33419003753E1 /* UICollectionView_UITableView+Extension.swift */,
				2C631E5327A337EE003753E1 /* UIView+Extension.swift */,
				2C6295B627A465E3003521D9 /* UIColor+Extension.swift */,
				2C6295C027A49C54003521D9 /* UICollectionViewCell+Extension.swift */,
				2CF197F027B5072600E82C6C /* NSMutableAttributedString+Extension.swift */,
				2CC9AF8327C2BE690082D81C /* UIViewController+Extension.swift */,
				2C60AD042801F71000C5A1A0 /* String+Extension.swift */,
			);
			path = Extensions;
			sourceTree = "<group>";
		};
		2C631E5527A33983003753E1 /* Models */ = {
			isa = PBXGroup;
			children = (
				2C631E5627A33990003753E1 /* CarModel.swift */,
				2C6295C227ABBADC003521D9 /* CategoryPrice.swift */,
				2C8C980C27FA2A83003D9D68 /* OrderModel.swift */,
				2C8C981727FB7DF4003D9D68 /* PromoModel.swift */,
				2C60AD062802093B00C5A1A0 /* ConditionModel.swift */,
				2C5FBB3E280AD37900F81155 /* UserRegister.swift */,
				2C5FBB46280AFE4B00F81155 /* UserConfirm.swift */,
				2C5FBB48280AFFEB00F81155 /* AgainConfirmCode.swift */,
			);
			path = Models;
			sourceTree = "<group>";
		};
		2C6E4DCB27B91EE700FBE7E8 /* PopoverLocation */ = {
			isa = PBXGroup;
			children = (
				2C6E4DCC27B91F1E00FBE7E8 /* PopoverTableViewController.swift */,
			);
			path = PopoverLocation;
			sourceTree = "<group>";
		};
		2C6E4DCE27B9347700FBE7E8 /* ScreenSize */ = {
			isa = PBXGroup;
			children = (
				2C6E4DCF27B9349500FBE7E8 /* ScreenSize.swift */,
			);
			path = ScreenSize;
			sourceTree = "<group>";
		};
		2C6E4DD127B9375400FBE7E8 /* Calendar */ = {
			isa = PBXGroup;
			children = (
				2C6E4DD227B9377E00FBE7E8 /* CalendarViewController.swift */,
			);
			path = Calendar;
			sourceTree = "<group>";
		};
		2C7B4D27280318E8000EE39D /* RegisterViewController */ = {
			isa = PBXGroup;
			children = (
				2C7B4D2828031901000EE39D /* RegisterViewController.swift */,
			);
			path = RegisterViewController;
			sourceTree = "<group>";
		};
		2C7B4D2A28032EBB000EE39D /* ProfileViewController */ = {
			isa = PBXGroup;
			children = (
				2C7B4D2B28032ED9000EE39D /* ProfileViewController.swift */,
			);
			path = ProfileViewController;
			sourceTree = "<group>";
		};
		2C8C981227FB6891003D9D68 /* ToastToast */ = {
			isa = PBXGroup;
			children = (
				2C8C981327FB695F003D9D68 /* ToastView.swift */,
				2C8C981527FB6DCE003D9D68 /* ToastViewShowable.swift */,
			);
			path = ToastToast;
			sourceTree = "<group>";
		};
		2C925C772802F1170060C810 /* Authorization */ = {
			isa = PBXGroup;
			children = (
				2C925C782802F14B0060C810 /* LoginViewController */,
			);
			path = Authorization;
			sourceTree = "<group>";
		};
		2C925C782802F14B0060C810 /* LoginViewController */ = {
			isa = PBXGroup;
			children = (
				2C925C792802F1630060C810 /* LoginViewController.swift */,
				2C7B4D2A28032EBB000EE39D /* ProfileViewController */,
				2C7B4D27280318E8000EE39D /* RegisterViewController */,
				2C5FBB43280AF7E000F81155 /* EnterCodeViewController */,
			);
			path = LoginViewController;
			sourceTree = "<group>";
		};
		2C9DF7DD27D9F42C00C176AC /* Networking */ = {
			isa = PBXGroup;
			children = (
				2C9DF7DE27D9F45A00C176AC /* NetworkManager.swift */,
				2C9DF80327DB95C600C176AC /* RequestManager.swift */,
				2C9DF80527DB98B300C176AC /* RentalManager.swift */,
			);
			path = Networking;
			sourceTree = "<group>";
		};
		2C9DF80027DB5B7A00C176AC /* Contacts */ = {
			isa = PBXGroup;
			children = (
				2C9DF80127DB5B9600C176AC /* ContactsViewController.swift */,
			);
			path = Contacts;
			sourceTree = "<group>";
		};
		2C9DF85027DCD5CF00C176AC /* CallUsCell */ = {
			isa = PBXGroup;
			children = (
				2C9DF85127DCD5F000C176AC /* CallUsTableViewCell.swift */,
			);
			path = CallUsCell;
			sourceTree = "<group>";
		};
		2CC9AF7E27C1889C0082D81C /* CustomViews */ = {
			isa = PBXGroup;
			children = (
				2CC9AF7F27C188D40082D81C /* TextField.swift */,
			);
			path = CustomViews;
			sourceTree = "<group>";
		};
		2CC9AF8727C2C9BC0082D81C /* StockCollectionViewCell */ = {
			isa = PBXGroup;
			children = (
				2CC9AF8827C2C9E20082D81C /* StockCollectionViewCell.swift */,
			);
			path = StockCollectionViewCell;
			sourceTree = "<group>";
		};
		2CF197E227AE766D00E82C6C /* DetailCar */ = {
			isa = PBXGroup;
			children = (
				2CF197E327AE768800E82C6C /* DetailCarViewController.swift */,
				2C20B13327BABCEA0050F72C /* DescriptionCell */,
				2C9DF85027DCD5CF00C176AC /* CallUsCell */,
				2CF197EA27B417C200E82C6C /* ImagesAndButtonCell */,
			);
			path = DetailCar;
			sourceTree = "<group>";
		};
		2CF197EA27B417C200E82C6C /* ImagesAndButtonCell */ = {
			isa = PBXGroup;
			children = (
				2CF197EB27B4180800E82C6C /* ImageAndButtonTableViewCell.swift */,
				2C60ACFC28019E8400C5A1A0 /* FullImageViewController */,
				2CF197ED27B419E700E82C6C /* ImageCollectionVewCell */,
			);
			path = ImagesAndButtonCell;
			sourceTree = "<group>";
		};
		2CF197ED27B419E700E82C6C /* ImageCollectionVewCell */ = {
			isa = PBXGroup;
			children = (
				2CF197E827AE88E800E82C6C /* ImageCollectionViewCell.swift */,
			);
			path = ImageCollectionVewCell;
			sourceTree = "<group>";
		};
		2CF197F227B5183D00E82C6C /* OrderUnauthorized */ = {
			isa = PBXGroup;
			children = (
				2CF197F327B5190100E82C6C /* OrderUnauthorizedViewController.swift */,
				2C6E4DCB27B91EE700FBE7E8 /* PopoverLocation */,
				2C6E4DD127B9375400FBE7E8 /* Calendar */,
			);
			path = OrderUnauthorized;
			sourceTree = "<group>";
		};
		7664E417E84423DC46E93E2F /* Pods */ = {
			isa = PBXGroup;
			children = (
				FEBD8E7AD4FB8D4CD8BC5B1B /* Pods-RentalCar.debug.xcconfig */,
				4D1A142E6687753FDD74D20B /* Pods-RentalCar.release.xcconfig */,
			);
			path = Pods;
			sourceTree = "<group>";
		};
/* End PBXGroup section */

/* Begin PBXNativeTarget section */
		2C1DDAB827A08574000B82C6 /* RentalCar */ = {
			isa = PBXNativeTarget;
			buildConfigurationList = 2C1DDACD27A08579000B82C6 /* Build configuration list for PBXNativeTarget "RentalCar" */;
			buildPhases = (
				600D2A010C2673824BBCB721 /* [CP] Check Pods Manifest.lock */,
				2C1DDAB527A08574000B82C6 /* Sources */,
				2C1DDAB627A08574000B82C6 /* Frameworks */,
				2C1DDAB727A08574000B82C6 /* Resources */,
				007F94DD80944E72AECE432E /* [CP] Embed Pods Frameworks */,
				FC1EF1FE96D0C5E52C944110 /* [CP] Copy Pods Resources */,
			);
			buildRules = (
			);
			dependencies = (
			);
			name = RentalCar;
			productName = RentalCar;
			productReference = 2C1DDAB927A08574000B82C6 /* RentalCar.app */;
			productType = "com.apple.product-type.application";
		};
/* End PBXNativeTarget section */

/* Begin PBXProject section */
		2C1DDAB127A08574000B82C6 /* Project object */ = {
			isa = PBXProject;
			attributes = {
				BuildIndependentTargetsInParallel = 1;
				LastSwiftUpdateCheck = 1310;
				LastUpgradeCheck = 1310;
				TargetAttributes = {
					2C1DDAB827A08574000B82C6 = {
						CreatedOnToolsVersion = 13.1;
					};
				};
			};
			buildConfigurationList = 2C1DDAB427A08574000B82C6 /* Build configuration list for PBXProject "RentalCar" */;
			compatibilityVersion = "Xcode 13.0";
			developmentRegion = en;
			hasScannedForEncodings = 0;
			knownRegions = (
				en,
				Base,
			);
			mainGroup = 2C1DDAB027A08574000B82C6;
			productRefGroup = 2C1DDABA27A08574000B82C6 /* Products */;
			projectDirPath = "";
			projectRoot = "";
			targets = (
				2C1DDAB827A08574000B82C6 /* RentalCar */,
			);
		};
/* End PBXProject section */

/* Begin PBXResourcesBuildPhase section */
		2C1DDAB727A08574000B82C6 /* Resources */ = {
			isa = PBXResourcesBuildPhase;
			buildActionMask = 2147483647;
			files = (
				2C1DDAC927A08579000B82C6 /* LaunchScreen.storyboard in Resources */,
				2C1DDAC627A08579000B82C6 /* Assets.xcassets in Resources */,
			);
			runOnlyForDeploymentPostprocessing = 0;
		};
/* End PBXResourcesBuildPhase section */

/* Begin PBXShellScriptBuildPhase section */
		007F94DD80944E72AECE432E /* [CP] Embed Pods Frameworks */ = {
			isa = PBXShellScriptBuildPhase;
			buildActionMask = 2147483647;
			files = (
			);
			inputFileListPaths = (
				"${PODS_ROOT}/Target Support Files/Pods-RentalCar/Pods-RentalCar-frameworks-${CONFIGURATION}-input-files.xcfilelist",
			);
			name = "[CP] Embed Pods Frameworks";
			outputFileListPaths = (
				"${PODS_ROOT}/Target Support Files/Pods-RentalCar/Pods-RentalCar-frameworks-${CONFIGURATION}-output-files.xcfilelist",
			);
			runOnlyForDeploymentPostprocessing = 0;
			shellPath = /bin/sh;
			shellScript = "\"${PODS_ROOT}/Target Support Files/Pods-RentalCar/Pods-RentalCar-frameworks.sh\"\n";
			showEnvVarsInLog = 0;
		};
		600D2A010C2673824BBCB721 /* [CP] Check Pods Manifest.lock */ = {
			isa = PBXShellScriptBuildPhase;
			buildActionMask = 2147483647;
			files = (
			);
			inputFileListPaths = (
			);
			inputPaths = (
				"${PODS_PODFILE_DIR_PATH}/Podfile.lock",
				"${PODS_ROOT}/Manifest.lock",
			);
			name = "[CP] Check Pods Manifest.lock";
			outputFileListPaths = (
			);
			outputPaths = (
				"$(DERIVED_FILE_DIR)/Pods-RentalCar-checkManifestLockResult.txt",
			);
			runOnlyForDeploymentPostprocessing = 0;
			shellPath = /bin/sh;
			shellScript = "diff \"${PODS_PODFILE_DIR_PATH}/Podfile.lock\" \"${PODS_ROOT}/Manifest.lock\" > /dev/null\nif [ $? != 0 ] ; then\n    # print error to STDERR\n    echo \"error: The sandbox is not in sync with the Podfile.lock. Run 'pod install' or update your CocoaPods installation.\" >&2\n    exit 1\nfi\n# This output is used by Xcode 'outputs' to avoid re-running this script phase.\necho \"SUCCESS\" > \"${SCRIPT_OUTPUT_FILE_0}\"\n";
			showEnvVarsInLog = 0;
		};
		FC1EF1FE96D0C5E52C944110 /* [CP] Copy Pods Resources */ = {
			isa = PBXShellScriptBuildPhase;
			buildActionMask = 2147483647;
			files = (
			);
			inputFileListPaths = (
				"${PODS_ROOT}/Target Support Files/Pods-RentalCar/Pods-RentalCar-resources-${CONFIGURATION}-input-files.xcfilelist",
			);
			name = "[CP] Copy Pods Resources";
			outputFileListPaths = (
				"${PODS_ROOT}/Target Support Files/Pods-RentalCar/Pods-RentalCar-resources-${CONFIGURATION}-output-files.xcfilelist",
			);
			runOnlyForDeploymentPostprocessing = 0;
			shellPath = /bin/sh;
			shellScript = "\"${PODS_ROOT}/Target Support Files/Pods-RentalCar/Pods-RentalCar-resources.sh\"\n";
			showEnvVarsInLog = 0;
		};
/* End PBXShellScriptBuildPhase section */

/* Begin PBXSourcesBuildPhase section */
		2C1DDAB527A08574000B82C6 /* Sources */ = {
			isa = PBXSourcesBuildPhase;
			buildActionMask = 2147483647;
			files = (
				2C8C981827FB7DF4003D9D68 /* PromoModel.swift in Sources */,
				2C631E5427A337EE003753E1 /* UIView+Extension.swift in Sources */,
				2C925C7A2802F1630060C810 /* LoginViewController.swift in Sources */,
				2C9DF80227DB5B9600C176AC /* ContactsViewController.swift in Sources */,
				2C8C981427FB695F003D9D68 /* ToastView.swift in Sources */,
				2C5FBB3F280AD37900F81155 /* UserRegister.swift in Sources */,
				2CC9AF8027C188D40082D81C /* TextField.swift in Sources */,
				2C631E5727A33990003753E1 /* CarModel.swift in Sources */,
				2CC9AF8927C2C9E20082D81C /* StockCollectionViewCell.swift in Sources */,
				2CF197EF27B41A4800E82C6C /* DescriptionTableViewCell.swift in Sources */,
				2C7B4D2928031901000EE39D /* RegisterViewController.swift in Sources */,
				2C9DF80427DB95C600C176AC /* RequestManager.swift in Sources */,
				2C60AD0D28023A6700C5A1A0 /* ConditionTableViewCell.swift in Sources */,
				2C631E5227A33419003753E1 /* UICollectionView_UITableView+Extension.swift in Sources */,
				2CF197EC27B4180800E82C6C /* ImageAndButtonTableViewCell.swift in Sources */,
				2C6295BA27A48AB7003521D9 /* MainTabBarViewController.swift in Sources */,
				2C631E4C27A33213003753E1 /* BaseCollectionViewController.swift in Sources */,
				2CF197F127B5072600E82C6C /* NSMutableAttributedString+Extension.swift in Sources */,
				2C60AD0F28023CFB00C5A1A0 /* ConditionHeaderView.swift in Sources */,
				2C8C981627FB6DCE003D9D68 /* ToastViewShowable.swift in Sources */,
				2CF197E927AE88E800E82C6C /* ImageCollectionViewCell.swift in Sources */,
				2C5FBB42280ADEAA00F81155 /* AppState.swift in Sources */,
				2C60AD012801A28700C5A1A0 /* ImageTransition.swift in Sources */,
				2C6E4DD027B9349500FBE7E8 /* ScreenSize.swift in Sources */,
				2C60AD072802093B00C5A1A0 /* ConditionModel.swift in Sources */,
				2C631E4F27A333C3003753E1 /* BaseCollectionViewCell.swift in Sources */,
				2C5FBB49280AFFEB00F81155 /* AgainConfirmCode.swift in Sources */,
				2CC9AF8427C2BE690082D81C /* UIViewController+Extension.swift in Sources */,
				2C6E4DD327B9377E00FBE7E8 /* CalendarViewController.swift in Sources */,
				2C6295BF27A499B8003521D9 /* LegalCollectionViewCell.swift in Sources */,
				2C60AD032801CCFD00C5A1A0 /* ImageScrollView.swift in Sources */,
				2C9DF80627DB98B300C176AC /* RentalManager.swift in Sources */,
				2C9DF85227DCD5F000C176AC /* CallUsTableViewCell.swift in Sources */,
				2C6E4DCD27B91F1E00FBE7E8 /* PopoverTableViewController.swift in Sources */,
				2C8C980D27FA2A83003D9D68 /* OrderModel.swift in Sources */,
				2C5FBB47280AFE4B00F81155 /* UserConfirm.swift in Sources */,
				2C6295C127A49C54003521D9 /* UICollectionViewCell+Extension.swift in Sources */,
				2C60AD052801F71000C5A1A0 /* String+Extension.swift in Sources */,
				2CF197F427B5190100E82C6C /* OrderUnauthorizedViewController.swift in Sources */,
				2C1DDABD27A08574000B82C6 /* AppDelegate.swift in Sources */,
				2C5FBB45280AF81000F81155 /* EnterCodeViewController.swift in Sources */,
				2C6295B727A465E3003521D9 /* UIColor+Extension.swift in Sources */,
				2C60ACFE28019EAE00C5A1A0 /* FullImageViewController.swift in Sources */,
				2C60AD0A2802399600C5A1A0 /* ConditionViewController.swift in Sources */,
				2C9DF7DF27D9F45A00C176AC /* NetworkManager.swift in Sources */,
				2C7B4D2C28032ED9000EE39D /* ProfileViewController.swift in Sources */,
				2CF197E427AE768800E82C6C /* DetailCarViewController.swift in Sources */,
				2C6295C327ABBADC003521D9 /* CategoryPrice.swift in Sources */,
			);
			runOnlyForDeploymentPostprocessing = 0;
		};
/* End PBXSourcesBuildPhase section */

/* Begin PBXVariantGroup section */
		2C1DDAC727A08579000B82C6 /* LaunchScreen.storyboard */ = {
			isa = PBXVariantGroup;
			children = (
				2C1DDAC827A08579000B82C6 /* Base */,
			);
			name = LaunchScreen.storyboard;
			sourceTree = "<group>";
		};
/* End PBXVariantGroup section */

/* Begin XCBuildConfiguration section */
		2C1DDACB27A08579000B82C6 /* Debug */ = {
			isa = XCBuildConfiguration;
			buildSettings = {
				ALWAYS_SEARCH_USER_PATHS = NO;
				CLANG_ANALYZER_NONNULL = YES;
				CLANG_ANALYZER_NUMBER_OBJECT_CONVERSION = YES_AGGRESSIVE;
				CLANG_CXX_LANGUAGE_STANDARD = "gnu++17";
				CLANG_CXX_LIBRARY = "libc++";
				CLANG_ENABLE_MODULES = YES;
				CLANG_ENABLE_OBJC_ARC = YES;
				CLANG_ENABLE_OBJC_WEAK = YES;
				CLANG_WARN_BLOCK_CAPTURE_AUTORELEASING = YES;
				CLANG_WARN_BOOL_CONVERSION = YES;
				CLANG_WARN_COMMA = YES;
				CLANG_WARN_CONSTANT_CONVERSION = YES;
				CLANG_WARN_DEPRECATED_OBJC_IMPLEMENTATIONS = YES;
				CLANG_WARN_DIRECT_OBJC_ISA_USAGE = YES_ERROR;
				CLANG_WARN_DOCUMENTATION_COMMENTS = YES;
				CLANG_WARN_EMPTY_BODY = YES;
				CLANG_WARN_ENUM_CONVERSION = YES;
				CLANG_WARN_INFINITE_RECURSION = YES;
				CLANG_WARN_INT_CONVERSION = YES;
				CLANG_WARN_NON_LITERAL_NULL_CONVERSION = YES;
				CLANG_WARN_OBJC_IMPLICIT_RETAIN_SELF = YES;
				CLANG_WARN_OBJC_LITERAL_CONVERSION = YES;
				CLANG_WARN_OBJC_ROOT_CLASS = YES_ERROR;
				CLANG_WARN_QUOTED_INCLUDE_IN_FRAMEWORK_HEADER = YES;
				CLANG_WARN_RANGE_LOOP_ANALYSIS = YES;
				CLANG_WARN_STRICT_PROTOTYPES = YES;
				CLANG_WARN_SUSPICIOUS_MOVE = YES;
				CLANG_WARN_UNGUARDED_AVAILABILITY = YES_AGGRESSIVE;
				CLANG_WARN_UNREACHABLE_CODE = YES;
				CLANG_WARN__DUPLICATE_METHOD_MATCH = YES;
				COPY_PHASE_STRIP = NO;
				DEBUG_INFORMATION_FORMAT = dwarf;
				ENABLE_STRICT_OBJC_MSGSEND = YES;
				ENABLE_TESTABILITY = YES;
				GCC_C_LANGUAGE_STANDARD = gnu11;
				GCC_DYNAMIC_NO_PIC = NO;
				GCC_NO_COMMON_BLOCKS = YES;
				GCC_OPTIMIZATION_LEVEL = 0;
				GCC_PREPROCESSOR_DEFINITIONS = (
					"DEBUG=1",
					"$(inherited)",
				);
				GCC_WARN_64_TO_32_BIT_CONVERSION = YES;
				GCC_WARN_ABOUT_RETURN_TYPE = YES_ERROR;
				GCC_WARN_UNDECLARED_SELECTOR = YES;
				GCC_WARN_UNINITIALIZED_AUTOS = YES_AGGRESSIVE;
				GCC_WARN_UNUSED_FUNCTION = YES;
				GCC_WARN_UNUSED_VARIABLE = YES;
				IPHONEOS_DEPLOYMENT_TARGET = 13.0;
				MTL_ENABLE_DEBUG_INFO = INCLUDE_SOURCE;
				MTL_FAST_MATH = YES;
				ONLY_ACTIVE_ARCH = YES;
				SDKROOT = iphoneos;
				SWIFT_ACTIVE_COMPILATION_CONDITIONS = DEBUG;
				SWIFT_OPTIMIZATION_LEVEL = "-Onone";
			};
			name = Debug;
		};
		2C1DDACC27A08579000B82C6 /* Release */ = {
			isa = XCBuildConfiguration;
			buildSettings = {
				ALWAYS_SEARCH_USER_PATHS = NO;
				CLANG_ANALYZER_NONNULL = YES;
				CLANG_ANALYZER_NUMBER_OBJECT_CONVERSION = YES_AGGRESSIVE;
				CLANG_CXX_LANGUAGE_STANDARD = "gnu++17";
				CLANG_CXX_LIBRARY = "libc++";
				CLANG_ENABLE_MODULES = YES;
				CLANG_ENABLE_OBJC_ARC = YES;
				CLANG_ENABLE_OBJC_WEAK = YES;
				CLANG_WARN_BLOCK_CAPTURE_AUTORELEASING = YES;
				CLANG_WARN_BOOL_CONVERSION = YES;
				CLANG_WARN_COMMA = YES;
				CLANG_WARN_CONSTANT_CONVERSION = YES;
				CLANG_WARN_DEPRECATED_OBJC_IMPLEMENTATIONS = YES;
				CLANG_WARN_DIRECT_OBJC_ISA_USAGE = YES_ERROR;
				CLANG_WARN_DOCUMENTATION_COMMENTS = YES;
				CLANG_WARN_EMPTY_BODY = YES;
				CLANG_WARN_ENUM_CONVERSION = YES;
				CLANG_WARN_INFINITE_RECURSION = YES;
				CLANG_WARN_INT_CONVERSION = YES;
				CLANG_WARN_NON_LITERAL_NULL_CONVERSION = YES;
				CLANG_WARN_OBJC_IMPLICIT_RETAIN_SELF = YES;
				CLANG_WARN_OBJC_LITERAL_CONVERSION = YES;
				CLANG_WARN_OBJC_ROOT_CLASS = YES_ERROR;
				CLANG_WARN_QUOTED_INCLUDE_IN_FRAMEWORK_HEADER = YES;
				CLANG_WARN_RANGE_LOOP_ANALYSIS = YES;
				CLANG_WARN_STRICT_PROTOTYPES = YES;
				CLANG_WARN_SUSPICIOUS_MOVE = YES;
				CLANG_WARN_UNGUARDED_AVAILABILITY = YES_AGGRESSIVE;
				CLANG_WARN_UNREACHABLE_CODE = YES;
				CLANG_WARN__DUPLICATE_METHOD_MATCH = YES;
				COPY_PHASE_STRIP = NO;
				DEBUG_INFORMATION_FORMAT = "dwarf-with-dsym";
				ENABLE_NS_ASSERTIONS = NO;
				ENABLE_STRICT_OBJC_MSGSEND = YES;
				GCC_C_LANGUAGE_STANDARD = gnu11;
				GCC_NO_COMMON_BLOCKS = YES;
				GCC_WARN_64_TO_32_BIT_CONVERSION = YES;
				GCC_WARN_ABOUT_RETURN_TYPE = YES_ERROR;
				GCC_WARN_UNDECLARED_SELECTOR = YES;
				GCC_WARN_UNINITIALIZED_AUTOS = YES_AGGRESSIVE;
				GCC_WARN_UNUSED_FUNCTION = YES;
				GCC_WARN_UNUSED_VARIABLE = YES;
				IPHONEOS_DEPLOYMENT_TARGET = 13.0;
				MTL_ENABLE_DEBUG_INFO = NO;
				MTL_FAST_MATH = YES;
				SDKROOT = iphoneos;
				SWIFT_COMPILATION_MODE = wholemodule;
				SWIFT_OPTIMIZATION_LEVEL = "-O";
				VALIDATE_PRODUCT = YES;
			};
			name = Release;
		};
		2C1DDACE27A08579000B82C6 /* Debug */ = {
			isa = XCBuildConfiguration;
			baseConfigurationReference = FEBD8E7AD4FB8D4CD8BC5B1B /* Pods-RentalCar.debug.xcconfig */;
			buildSettings = {
				ASSETCATALOG_COMPILER_APPICON_NAME = AppIcon;
				ASSETCATALOG_COMPILER_GLOBAL_ACCENT_COLOR_NAME = AccentColor;
				CODE_SIGN_STYLE = Automatic;
				CURRENT_PROJECT_VERSION = 1;
				DEVELOPMENT_TEAM = YF7B94KF69;
				GENERATE_INFOPLIST_FILE = YES;
				INFOPLIST_FILE = RentalCar/Info.plist;
				INFOPLIST_KEY_UIApplicationSupportsIndirectInputEvents = YES;
				INFOPLIST_KEY_UILaunchStoryboardName = LaunchScreen;
				INFOPLIST_KEY_UISupportedInterfaceOrientations_iPad = "UIInterfaceOrientationPortrait UIInterfaceOrientationPortraitUpsideDown UIInterfaceOrientationLandscapeLeft UIInterfaceOrientationLandscapeRight";
				INFOPLIST_KEY_UISupportedInterfaceOrientations_iPhone = "UIInterfaceOrientationPortrait UIInterfaceOrientationLandscapeLeft UIInterfaceOrientationLandscapeRight";
				IPHONEOS_DEPLOYMENT_TARGET = 13.0;
				LD_RUNPATH_SEARCH_PATHS = (
					"$(inherited)",
					"@executable_path/Frameworks",
				);
				MARKETING_VERSION = 1.0;
				PRODUCT_BUNDLE_IDENTIFIER = "-.RentalCar";
				PRODUCT_NAME = "$(TARGET_NAME)";
				SWIFT_EMIT_LOC_STRINGS = YES;
				SWIFT_VERSION = 5.0;
				TARGETED_DEVICE_FAMILY = 1;
			};
			name = Debug;
		};
		2C1DDACF27A08579000B82C6 /* Release */ = {
			isa = XCBuildConfiguration;
			baseConfigurationReference = 4D1A142E6687753FDD74D20B /* Pods-RentalCar.release.xcconfig */;
			buildSettings = {
				ASSETCATALOG_COMPILER_APPICON_NAME = AppIcon;
				ASSETCATALOG_COMPILER_GLOBAL_ACCENT_COLOR_NAME = AccentColor;
				CODE_SIGN_STYLE = Automatic;
				CURRENT_PROJECT_VERSION = 1;
				DEVELOPMENT_TEAM = YF7B94KF69;
				GENERATE_INFOPLIST_FILE = YES;
				INFOPLIST_FILE = RentalCar/Info.plist;
				INFOPLIST_KEY_UIApplicationSupportsIndirectInputEvents = YES;
				INFOPLIST_KEY_UILaunchStoryboardName = LaunchScreen;
				INFOPLIST_KEY_UISupportedInterfaceOrientations_iPad = "UIInterfaceOrientationPortrait UIInterfaceOrientationPortraitUpsideDown UIInterfaceOrientationLandscapeLeft UIInterfaceOrientationLandscapeRight";
				INFOPLIST_KEY_UISupportedInterfaceOrientations_iPhone = "UIInterfaceOrientationPortrait UIInterfaceOrientationLandscapeLeft UIInterfaceOrientationLandscapeRight";
				IPHONEOS_DEPLOYMENT_TARGET = 13.0;
				LD_RUNPATH_SEARCH_PATHS = (
					"$(inherited)",
					"@executable_path/Frameworks",
				);
				MARKETING_VERSION = 1.0;
				PRODUCT_BUNDLE_IDENTIFIER = "-.RentalCar";
				PRODUCT_NAME = "$(TARGET_NAME)";
				SWIFT_EMIT_LOC_STRINGS = YES;
				SWIFT_VERSION = 5.0;
				TARGETED_DEVICE_FAMILY = 1;
			};
			name = Release;
		};
/* End XCBuildConfiguration section */

/* Begin XCConfigurationList section */
		2C1DDAB427A08574000B82C6 /* Build configuration list for PBXProject "RentalCar" */ = {
			isa = XCConfigurationList;
			buildConfigurations = (
				2C1DDACB27A08579000B82C6 /* Debug */,
				2C1DDACC27A08579000B82C6 /* Release */,
			);
			defaultConfigurationIsVisible = 0;
			defaultConfigurationName = Release;
		};
		2C1DDACD27A08579000B82C6 /* Build configuration list for PBXNativeTarget "RentalCar" */ = {
			isa = XCConfigurationList;
			buildConfigurations = (
				2C1DDACE27A08579000B82C6 /* Debug */,
				2C1DDACF27A08579000B82C6 /* Release */,
			);
			defaultConfigurationIsVisible = 0;
			defaultConfigurationName = Release;
		};
/* End XCConfigurationList section */
	};
	rootObject = 2C1DDAB127A08574000B82C6 /* Project object */;
}
